<?xml version="1.0" encoding="utf-8"?>
<Project ToolsVersion="4.0" xmlns="http://schemas.microsoft.com/developer/msbuild/2003">
  <ItemGroup>
    <Filter Include="Generated Files">
      <UniqueIdentifier>{71ED8ED8-ACB9-4CE9-BBE1-E00B30144E11}</UniqueIdentifier>
      <Extensions>cpp;c;cxx;moc;h;def;odl;idl;res;</Extensions>
    </Filter>
    <Filter Include="Generated Files">
      <UniqueIdentifier>{71ED8ED8-ACB9-4CE9-BBE1-E00B30144E11}</UniqueIdentifier>
      <Extensions>cpp;c;cxx;moc;h;def;odl;idl;res;</Extensions>
    </Filter>
    <Filter Include="Header Files">
      <UniqueIdentifier>{93995380-89BD-4b04-88EB-625FBE52EBFB}</UniqueIdentifier>
      <Extensions>h;hpp;hxx;hm;inl;inc;xsd</Extensions>
    </Filter>
    <Filter Include="Header Files">
      <UniqueIdentifier>{93995380-89BD-4b04-88EB-625FBE52EBFB}</UniqueIdentifier>
      <Extensions>h;hpp;hxx;hm;inl;inc;xsd</Extensions>
    </Filter>
    <Filter Include="Source Files">
      <UniqueIdentifier>{4FC737F1-C7A5-4376-A066-2A32D752A2FF}</UniqueIdentifier>
      <Extensions>cpp;c;cxx;def;odl;idl;hpj;bat;asm;asmx</Extensions>
    </Filter>
    <Filter Include="Source Files">
      <UniqueIdentifier>{4FC737F1-C7A5-4376-A066-2A32D752A2FF}</UniqueIdentifier>
      <Extensions>cpp;c;cxx;def;odl;idl;hpj;bat;asm;asmx</Extensions>
    </Filter>
  </ItemGroup>
  <ItemGroup>
    <ClCompile Include="..\HCodeLocation.cpp">
      <Filter>Source Files</Filter>
    </ClCompile>
    <ClCompile Include="..\HCommonLogger.cpp">
      <Filter>Source Files</Filter>
    </ClCompile>
    <ClCompile Include="..\HConsoleLogger.cpp">
      <Filter>Source Files</Filter>
    </ClCompile>
    <ClCompile Include="..\HDeviceLogger.cpp">
      <Filter>Source Files</Filter>
    </ClCompile>
    <ClCompile Include="..\HLogCleaner.cpp">
      <Filter>Source Files</Filter>
    </ClCompile>
    <ClCompile Include="..\HLogManager.cpp">
      <Filter>Source Files</Filter>
    </ClCompile>
    <ClCompile Include="..\HLogger.cpp">
      <Filter>Source Files</Filter>
    </ClCompile>
    <ClCompile Include="..\HOperationLogger.cpp">
      <Filter>Source Files</Filter>
    </ClCompile>
    <ClCompile Include="..\zlog.cpp">
      <Filter>Source Files</Filter>
    </ClCompile>
  </ItemGroup>
  <ItemGroup>
    <ClInclude Include="..\HCodeLocation.h">
      <Filter>Header Files</Filter>
    </ClInclude>
    <ClInclude Include="..\HCommonLogger.h">
      <Filter>Header Files</Filter>
    </ClInclude>
    <ClInclude Include="..\HConsoleLogger.h">
      <Filter>Header Files</Filter>
    </ClInclude>
    <ClInclude Include="..\HDeviceLogger.h">
      <Filter>Header Files</Filter>
    </ClInclude>
    <ClInclude Include="..\HFieldInfo.h">
      <Filter>Header Files</Filter>
    </ClInclude>
    <ClInclude Include="..\HLogCleaner.h">
      <Filter>Header Files</Filter>
    </ClInclude>
    <ClInclude Include="..\HLogDefines.h">
      <Filter>Header Files</Filter>
    </ClInclude>
    <ClInclude Include="..\HLogManager.h">
      <Filter>Header Files</Filter>
    </ClInclude>
    <ClInclude Include="..\HLogger.h">
      <Filter>Header Files</Filter>
    </ClInclude>
    <ClInclude Include="..\HOperationLogger.h">
      <Filter>Header Files</Filter>
    </ClInclude>
    <ClInclude Include="..\LogModel_global.h">
      <Filter>Header Files</Filter>
    </ClInclude>
    <ClInclude Include="..\zlog.h">
      <Filter>Header Files</Filter>
    </ClInclude>
  </ItemGroup>
  <ItemGroup>
    <CustomBuild Include="debug\moc_predefs.h.cbt">
      <Filter>Generated Files</Filter>
    </CustomBuild>
    <CustomBuild Include="release\moc_predefs.h.cbt">
      <Filter>Generated Files</Filter>
    </CustomBuild>
  </ItemGroup>
</Project>